
Microsoft Visual Studio Solution File, Format Version 12.00
# Visual Studio 15
VisualStudioVersion = 15.0.26127.0
MinimumVisualStudioVersion = 10.0.40219.1
Project("{2150E333-8FDC-42A3-9474-1A3956D46DE8}") = "Tests", "Tests", "{D25601EC-B799-4742-A05D-0C7C4398741B}"
EndProject
Project("{2150E333-8FDC-42A3-9474-1A3956D46DE8}") = "Integration", "Integration", "{BF6EEA44-013B-40E4-BBE3-6E0D94F9F144}"
EndProject
Project("{2150E333-8FDC-42A3-9474-1A3956D46DE8}") = "Unit", "Unit", "{5403EAEB-209C-43A9-A8BB-45F42DB980A0}"
EndProject
Project("{2150E333-8FDC-42A3-9474-1A3956D46DE8}") = "Source", "Source", "{F79F24B8-E51A-461A-93C5-E19F780964DB}"
EndProject
Project("{FAE04EC0-301F-11D3-BF4B-00C04F79EFBC}") = "GitClientVS.VisualStudio.UI", "Source\GitClientVS.VisualStudio.UI\GitClientVS.VisualStudio.UI.csproj", "{B21F8092-E3C3-4B84-BA58-185D56799E30}"
EndProject
Project("{FAE04EC0-301F-11D3-BF4B-00C04F79EFBC}") = "GitClientVS.Services.Tests", "Source\Tests\Unit\GitClientVS.Services.Tests\GitClientVS.Services.Tests.csproj", "{0463CFF7-C41E-422A-A730-213B7C7181F3}"
EndProject
Project("{FAE04EC0-301F-11D3-BF4B-00C04F79EFBC}") = "GitClientVS.Services", "Source\GitClientVS.Services\GitClientVS.Services.csproj", "{F8D950B2-10A4-4EFC-842C-4A7ABD50C1AE}"
EndProject
Project("{FAE04EC0-301F-11D3-BF4B-00C04F79EFBC}") = "GitClientVS.Contracts", "Source\GitClientVS.Contracts\GitClientVS.Contracts.csproj", "{528A613A-1D51-4B23-851B-2549261B580E}"
EndProject
Project("{FAE04EC0-301F-11D3-BF4B-00C04F79EFBC}") = "GitClientVS.UI", "Source\GitClientVS.UI\GitClientVS.UI.csproj", "{6CA4EA39-6F2C-4ADE-8BEE-FEC1B65F3458}"
EndProject
Project("{FAE04EC0-301F-11D3-BF4B-00C04F79EFBC}") = "GitClientVS.Infrastructure", "Source\GitClientVS.Infrastructure\GitClientVS.Infrastructure.csproj", "{CFA26063-E6BD-4189-9E20-13BE59EBAF67}"
EndProject
Project("{FAE04EC0-301F-11D3-BF4B-00C04F79EFBC}") = "GitClientVS.Api", "Source\GitClientVS.Api\GitClientVS.Api.csproj", "{E0958944-2774-483F-8B43-72E89F87971A}"
EndProject
Project("{FAE04EC0-301F-11D3-BF4B-00C04F79EFBC}") = "GitClientVS.Api.Integration.Tests", "Source\Tests\Integration\GitClientVS.Api.Integration.Tests\GitClientVS.Api.Integration.Tests.csproj", "{4404B8F3-FD5D-42A7-97E7-19555A308C1A}"
EndProject
Project("{FAE04EC0-301F-11D3-BF4B-00C04F79EFBC}") = "BitBucket.REST.API", "Source\BitBucket.REST.API\BitBucket.REST.API.csproj", "{8D9A6680-2F77-485E-B90D-70E70A3444CF}"
EndProject
Project("{FAE04EC0-301F-11D3-BF4B-00C04F79EFBC}") = "Bitbucket.REST.API.Integration.Tests", "Source\Tests\Integration\Bitbucket.REST.API.Integration.Tests\Bitbucket.REST.API.Integration.Tests.csproj", "{B47D5BA6-9A5B-4EF6-83C3-93C459F5938D}"
EndProject
Project("{FAE04EC0-301F-11D3-BF4B-00C04F79EFBC}") = "ParseDiff", "Source\ParseDiff\ParseDiff.csproj", "{65672E92-C353-4D21-A098-6A5BEB42CDF4}"
EndProject
Project("{FAE04EC0-301F-11D3-BF4B-00C04F79EFBC}") = "GitClientVS.TeamFoundation.14", "Source\GitClientVS.TeamFoundation.14\GitClientVS.TeamFoundation.14.csproj", "{DBF70B1D-8FEB-4367-A434-457A65FF00EA}"
EndProject
Project("{FAE04EC0-301F-11D3-BF4B-00C04F79EFBC}") = "GitClientVS.TeamFoundation.15", "Source\GitClientVS.TeamFoundation.15\GitClientVS.TeamFoundation.15.csproj", "{ACBB832E-F2E0-45AA-8468-758A9D660F3E}"
EndProject
Global
	GlobalSection(SolutionConfigurationPlatforms) = preSolution
		Debug|Any CPU = Debug|Any CPU
		Release|Any CPU = Release|Any CPU
	EndGlobalSection
	GlobalSection(ProjectConfigurationPlatforms) = postSolution
		{B21F8092-E3C3-4B84-BA58-185D56799E30}.Debug|Any CPU.ActiveCfg = Debug|Any CPU
		{B21F8092-E3C3-4B84-BA58-185D56799E30}.Debug|Any CPU.Build.0 = Debug|Any CPU
		{B21F8092-E3C3-4B84-BA58-185D56799E30}.Release|Any CPU.ActiveCfg = Release|Any CPU
		{B21F8092-E3C3-4B84-BA58-185D56799E30}.Release|Any CPU.Build.0 = Release|Any CPU
		{0463CFF7-C41E-422A-A730-213B7C7181F3}.Debug|Any CPU.ActiveCfg = Debug|Any CPU
		{0463CFF7-C41E-422A-A730-213B7C7181F3}.Debug|Any CPU.Build.0 = Debug|Any CPU
		{0463CFF7-C41E-422A-A730-213B7C7181F3}.Release|Any CPU.ActiveCfg = Release|Any CPU
		{0463CFF7-C41E-422A-A730-213B7C7181F3}.Release|Any CPU.Build.0 = Release|Any CPU
		{F8D950B2-10A4-4EFC-842C-4A7ABD50C1AE}.Debug|Any CPU.ActiveCfg = Debug|Any CPU
		{F8D950B2-10A4-4EFC-842C-4A7ABD50C1AE}.Debug|Any CPU.Build.0 = Debug|Any CPU
		{F8D950B2-10A4-4EFC-842C-4A7ABD50C1AE}.Release|Any CPU.ActiveCfg = Release|Any CPU
		{F8D950B2-10A4-4EFC-842C-4A7ABD50C1AE}.Release|Any CPU.Build.0 = Release|Any CPU
		{528A613A-1D51-4B23-851B-2549261B580E}.Debug|Any CPU.ActiveCfg = Debug|Any CPU
		{528A613A-1D51-4B23-851B-2549261B580E}.Debug|Any CPU.Build.0 = Debug|Any CPU
		{528A613A-1D51-4B23-851B-2549261B580E}.Release|Any CPU.ActiveCfg = Release|Any CPU
		{528A613A-1D51-4B23-851B-2549261B580E}.Release|Any CPU.Build.0 = Release|Any CPU
		{6CA4EA39-6F2C-4ADE-8BEE-FEC1B65F3458}.Debug|Any CPU.ActiveCfg = Debug|Any CPU
		{6CA4EA39-6F2C-4ADE-8BEE-FEC1B65F3458}.Debug|Any CPU.Build.0 = Debug|Any CPU
		{6CA4EA39-6F2C-4ADE-8BEE-FEC1B65F3458}.Release|Any CPU.ActiveCfg = Release|Any CPU
		{6CA4EA39-6F2C-4ADE-8BEE-FEC1B65F3458}.Release|Any CPU.Build.0 = Release|Any CPU
		{CFA26063-E6BD-4189-9E20-13BE59EBAF67}.Debug|Any CPU.ActiveCfg = Debug|Any CPU
		{CFA26063-E6BD-4189-9E20-13BE59EBAF67}.Debug|Any CPU.Build.0 = Debug|Any CPU
		{CFA26063-E6BD-4189-9E20-13BE59EBAF67}.Release|Any CPU.ActiveCfg = Release|Any CPU
		{CFA26063-E6BD-4189-9E20-13BE59EBAF67}.Release|Any CPU.Build.0 = Release|Any CPU
		{E0958944-2774-483F-8B43-72E89F87971A}.Debug|Any CPU.ActiveCfg = Debug|Any CPU
		{E0958944-2774-483F-8B43-72E89F87971A}.Debug|Any CPU.Build.0 = Debug|Any CPU
		{E0958944-2774-483F-8B43-72E89F87971A}.Release|Any CPU.ActiveCfg = Release|Any CPU
		{E0958944-2774-483F-8B43-72E89F87971A}.Release|Any CPU.Build.0 = Release|Any CPU
		{4404B8F3-FD5D-42A7-97E7-19555A308C1A}.Debug|Any CPU.ActiveCfg = Debug|Any CPU
		{4404B8F3-FD5D-42A7-97E7-19555A308C1A}.Debug|Any CPU.Build.0 = Debug|Any CPU
		{4404B8F3-FD5D-42A7-97E7-19555A308C1A}.Release|Any CPU.ActiveCfg = Release|Any CPU
		{4404B8F3-FD5D-42A7-97E7-19555A308C1A}.Release|Any CPU.Build.0 = Release|Any CPU
		{8D9A6680-2F77-485E-B90D-70E70A3444CF}.Debug|Any CPU.ActiveCfg = Debug|Any CPU
		{8D9A6680-2F77-485E-B90D-70E70A3444CF}.Debug|Any CPU.Build.0 = Debug|Any CPU
		{8D9A6680-2F77-485E-B90D-70E70A3444CF}.Release|Any CPU.ActiveCfg = Release|Any CPU
		{8D9A6680-2F77-485E-B90D-70E70A3444CF}.Release|Any CPU.Build.0 = Release|Any CPU
		{B47D5BA6-9A5B-4EF6-83C3-93C459F5938D}.Debug|Any CPU.ActiveCfg = Debug|Any CPU
		{B47D5BA6-9A5B-4EF6-83C3-93C459F5938D}.Debug|Any CPU.Build.0 = Debug|Any CPU
		{B47D5BA6-9A5B-4EF6-83C3-93C459F5938D}.Release|Any CPU.ActiveCfg = Release|Any CPU
		{B47D5BA6-9A5B-4EF6-83C3-93C459F5938D}.Release|Any CPU.Build.0 = Release|Any CPU
		{65672E92-C353-4D21-A098-6A5BEB42CDF4}.Debug|Any CPU.ActiveCfg = Debug|Any CPU
		{65672E92-C353-4D21-A098-6A5BEB42CDF4}.Debug|Any CPU.Build.0 = Debug|Any CPU
		{65672E92-C353-4D21-A098-6A5BEB42CDF4}.Release|Any CPU.ActiveCfg = Release|Any CPU
		{65672E92-C353-4D21-A098-6A5BEB42CDF4}.Release|Any CPU.Build.0 = Release|Any CPU
		{DBF70B1D-8FEB-4367-A434-457A65FF00EA}.Debug|Any CPU.ActiveCfg = Debug|Any CPU
		{DBF70B1D-8FEB-4367-A434-457A65FF00EA}.Debug|Any CPU.Build.0 = Debug|Any CPU
		{DBF70B1D-8FEB-4367-A434-457A65FF00EA}.Release|Any CPU.ActiveCfg = Release|Any CPU
		{DBF70B1D-8FEB-4367-A434-457A65FF00EA}.Release|Any CPU.Build.0 = Release|Any CPU
		{ACBB832E-F2E0-45AA-8468-758A9D660F3E}.Debug|Any CPU.ActiveCfg = Debug|Any CPU
		{ACBB832E-F2E0-45AA-8468-758A9D660F3E}.Debug|Any CPU.Build.0 = Debug|Any CPU
		{ACBB832E-F2E0-45AA-8468-758A9D660F3E}.Release|Any CPU.ActiveCfg = Release|Any CPU
		{ACBB832E-F2E0-45AA-8468-758A9D660F3E}.Release|Any CPU.Build.0 = Release|Any CPU
	EndGlobalSection
	GlobalSection(SolutionProperties) = preSolution
		HideSolutionNode = FALSE
	EndGlobalSection
	GlobalSection(NestedProjects) = preSolution
		{D25601EC-B799-4742-A05D-0C7C4398741B} = {F79F24B8-E51A-461A-93C5-E19F780964DB}
		{BF6EEA44-013B-40E4-BBE3-6E0D94F9F144} = {D25601EC-B799-4742-A05D-0C7C4398741B}
		{5403EAEB-209C-43A9-A8BB-45F42DB980A0} = {D25601EC-B799-4742-A05D-0C7C4398741B}
		{B21F8092-E3C3-4B84-BA58-185D56799E30} = {F79F24B8-E51A-461A-93C5-E19F780964DB}
		{0463CFF7-C41E-422A-A730-213B7C7181F3} = {5403EAEB-209C-43A9-A8BB-45F42DB980A0}
		{F8D950B2-10A4-4EFC-842C-4A7ABD50C1AE} = {F79F24B8-E51A-461A-93C5-E19F780964DB}
		{528A613A-1D51-4B23-851B-2549261B580E} = {F79F24B8-E51A-461A-93C5-E19F780964DB}
		{6CA4EA39-6F2C-4ADE-8BEE-FEC1B65F3458} = {F79F24B8-E51A-461A-93C5-E19F780964DB}
		{CFA26063-E6BD-4189-9E20-13BE59EBAF67} = {F79F24B8-E51A-461A-93C5-E19F780964DB}
		{E0958944-2774-483F-8B43-72E89F87971A} = {F79F24B8-E51A-461A-93C5-E19F780964DB}
		{4404B8F3-FD5D-42A7-97E7-19555A308C1A} = {BF6EEA44-013B-40E4-BBE3-6E0D94F9F144}
		{8D9A6680-2F77-485E-B90D-70E70A3444CF} = {F79F24B8-E51A-461A-93C5-E19F780964DB}
		{B47D5BA6-9A5B-4EF6-83C3-93C459F5938D} = {BF6EEA44-013B-40E4-BBE3-6E0D94F9F144}
		{65672E92-C353-4D21-A098-6A5BEB42CDF4} = {F79F24B8-E51A-461A-93C5-E19F780964DB}
		{DBF70B1D-8FEB-4367-A434-457A65FF00EA} = {F79F24B8-E51A-461A-93C5-E19F780964DB}
		{ACBB832E-F2E0-45AA-8468-758A9D660F3E} = {F79F24B8-E51A-461A-93C5-E19F780964DB}
	EndGlobalSection
EndGlobal
